
Microsoft Visual Studio Solution File, Format Version 12.00
# Visual Studio Version 18
VisualStudioVersion = 18.0.11222.15
MinimumVisualStudioVersion = 10.0.40219.1
Project("{2150E333-8FDC-42A3-9474-1A3956D46DE8}") = "src", "src", "{827E0CD3-B72D-47B6-A68D-7590B98EB39B}"
EndProject
Project("{2150E333-8FDC-42A3-9474-1A3956D46DE8}") = "AuthService", "AuthService", "{2AC20A46-3928-2638-2A2E-83B7FF2AF7AE}"
EndProject
Project("{FAE04EC0-301F-11D3-BF4B-00C04F79EFBC}") = "AuthService.API", "src\AuthService\AuthService.API\AuthService.API.csproj", "{EFC3CA61-EC5E-472C-9459-B480E8D14F82}"
EndProject
Project("{FAE04EC0-301F-11D3-BF4B-00C04F79EFBC}") = "AuthService.Infrastructure", "src\AuthService\AuthService.Infrastructure\AuthService.Infrastructure.csproj", "{1A93812F-57B2-4559-A6EA-7C28BC905F12}"
EndProject
Project("{FAE04EC0-301F-11D3-BF4B-00C04F79EFBC}") = "AuthService.Application", "src\AuthService\AuthService.Application\AuthService.Application.csproj", "{B3D05791-D4B2-46F6-865A-513B0A8C54C1}"
EndProject
Project("{FAE04EC0-301F-11D3-BF4B-00C04F79EFBC}") = "AuthService.Domain", "src\AuthService\AuthService.Domain\AuthService.Domain.csproj", "{C2258F3A-DF84-4777-ADE3-A2971F30C457}"
EndProject
Project("{2150E333-8FDC-42A3-9474-1A3956D46DE8}") = "test", "test", "{0C88DD14-F956-CE84-757C-A364CCF449FC}"
EndProject
Project("{FAE04EC0-301F-11D3-BF4B-00C04F79EFBC}") = "AuthService.UnitTests", "test\AuthService.UnitTests\AuthService.UnitTests.csproj", "{4DD6C9E5-A80E-4520-A59B-9053B689EE8E}"
EndProject
Project("{2150E333-8FDC-42A3-9474-1A3956D46DE8}") = "CatalogService", "CatalogService", "{E5314506-76AA-4EED-86C9-F7C680CBF64A}"
EndProject
Project("{FAE04EC0-301F-11D3-BF4B-00C04F79EFBC}") = "Catalog.Domain", "Catalog.Domain\Catalog.Domain.csproj", "{0E707516-28D9-4A28-BB06-A49B7E19EF57}"
EndProject
Project("{FAE04EC0-301F-11D3-BF4B-00C04F79EFBC}") = "Catalog.Application", "Catalog.Application\Catalog.Application.csproj", "{84B23A4D-8B6C-4BE3-A774-0BCF53F16C45}"
EndProject
Project("{FAE04EC0-301F-11D3-BF4B-00C04F79EFBC}") = "Catalog.Infrastructure", "Catalog.Infrastructure\Catalog.Infrastructure.csproj", "{15FB5E6B-D633-413D-B44C-326E05BA3297}"
EndProject
Project("{FAE04EC0-301F-11D3-BF4B-00C04F79EFBC}") = "Catalog.Api", "Catalog.Api\Catalog.Api.csproj", "{ADCE8AFA-39FE-408F-AA6F-54F195DA9001}"
EndProject
Project("{FAE04EC0-301F-11D3-BF4B-00C04F79EFBC}") = "Catalog.IntegrationTest", "Catalog.IntegrationTest\Catalog.IntegrationTest.csproj", "{5A37AA35-C4FB-4884-9E5A-3D24A54D139F}"
EndProject
Global
	GlobalSection(SolutionConfigurationPlatforms) = preSolution
		Debug|Any CPU = Debug|Any CPU
		Debug|x64 = Debug|x64
		Debug|x86 = Debug|x86
		Release|Any CPU = Release|Any CPU
		Release|x64 = Release|x64
		Release|x86 = Release|x86
	EndGlobalSection
	GlobalSection(ProjectConfigurationPlatforms) = postSolution
		{EFC3CA61-EC5E-472C-9459-B480E8D14F82}.Debug|Any CPU.ActiveCfg = Debug|Any CPU
		{EFC3CA61-EC5E-472C-9459-B480E8D14F82}.Debug|Any CPU.Build.0 = Debug|Any CPU
		{EFC3CA61-EC5E-472C-9459-B480E8D14F82}.Debug|x64.ActiveCfg = Debug|Any CPU
		{EFC3CA61-EC5E-472C-9459-B480E8D14F82}.Debug|x64.Build.0 = Debug|Any CPU
		{EFC3CA61-EC5E-472C-9459-B480E8D14F82}.Debug|x86.ActiveCfg = Debug|Any CPU
		{EFC3CA61-EC5E-472C-9459-B480E8D14F82}.Debug|x86.Build.0 = Debug|Any CPU
		{EFC3CA61-EC5E-472C-9459-B480E8D14F82}.Release|Any CPU.ActiveCfg = Release|Any CPU
		{EFC3CA61-EC5E-472C-9459-B480E8D14F82}.Release|Any CPU.Build.0 = Release|Any CPU
		{EFC3CA61-EC5E-472C-9459-B480E8D14F82}.Release|x64.ActiveCfg = Release|Any CPU
		{EFC3CA61-EC5E-472C-9459-B480E8D14F82}.Release|x64.Build.0 = Release|Any CPU
		{EFC3CA61-EC5E-472C-9459-B480E8D14F82}.Release|x86.ActiveCfg = Release|Any CPU
		{EFC3CA61-EC5E-472C-9459-B480E8D14F82}.Release|x86.Build.0 = Release|Any CPU
		{1A93812F-57B2-4559-A6EA-7C28BC905F12}.Debug|Any CPU.ActiveCfg = Debug|Any CPU
		{1A93812F-57B2-4559-A6EA-7C28BC905F12}.Debug|Any CPU.Build.0 = Debug|Any CPU
		{1A93812F-57B2-4559-A6EA-7C28BC905F12}.Debug|x64.ActiveCfg = Debug|Any CPU
		{1A93812F-57B2-4559-A6EA-7C28BC905F12}.Debug|x64.Build.0 = Debug|Any CPU
		{1A93812F-57B2-4559-A6EA-7C28BC905F12}.Debug|x86.ActiveCfg = Debug|Any CPU
		{1A93812F-57B2-4559-A6EA-7C28BC905F12}.Debug|x86.Build.0 = Debug|Any CPU
		{1A93812F-57B2-4559-A6EA-7C28BC905F12}.Release|Any CPU.ActiveCfg = Release|Any CPU
		{1A93812F-57B2-4559-A6EA-7C28BC905F12}.Release|Any CPU.Build.0 = Release|Any CPU
		{1A93812F-57B2-4559-A6EA-7C28BC905F12}.Release|x64.ActiveCfg = Release|Any CPU
		{1A93812F-57B2-4559-A6EA-7C28BC905F12}.Release|x64.Build.0 = Release|Any CPU
		{1A93812F-57B2-4559-A6EA-7C28BC905F12}.Release|x86.ActiveCfg = Release|Any CPU
		{1A93812F-57B2-4559-A6EA-7C28BC905F12}.Release|x86.Build.0 = Release|Any CPU
		{B3D05791-D4B2-46F6-865A-513B0A8C54C1}.Debug|Any CPU.ActiveCfg = Debug|Any CPU
		{B3D05791-D4B2-46F6-865A-513B0A8C54C1}.Debug|Any CPU.Build.0 = Debug|Any CPU
		{B3D05791-D4B2-46F6-865A-513B0A8C54C1}.Debug|x64.ActiveCfg = Debug|Any CPU
		{B3D05791-D4B2-46F6-865A-513B0A8C54C1}.Debug|x64.Build.0 = Debug|Any CPU
		{B3D05791-D4B2-46F6-865A-513B0A8C54C1}.Debug|x86.ActiveCfg = Debug|Any CPU
		{B3D05791-D4B2-46F6-865A-513B0A8C54C1}.Debug|x86.Build.0 = Debug|Any CPU
		{B3D05791-D4B2-46F6-865A-513B0A8C54C1}.Release|Any CPU.ActiveCfg = Release|Any CPU
		{B3D05791-D4B2-46F6-865A-513B0A8C54C1}.Release|Any CPU.Build.0 = Release|Any CPU
		{B3D05791-D4B2-46F6-865A-513B0A8C54C1}.Release|x64.ActiveCfg = Release|Any CPU
		{B3D05791-D4B2-46F6-865A-513B0A8C54C1}.Release|x64.Build.0 = Release|Any CPU
		{B3D05791-D4B2-46F6-865A-513B0A8C54C1}.Release|x86.ActiveCfg = Release|Any CPU
		{B3D05791-D4B2-46F6-865A-513B0A8C54C1}.Release|x86.Build.0 = Release|Any CPU
		{C2258F3A-DF84-4777-ADE3-A2971F30C457}.Debug|Any CPU.ActiveCfg = Debug|Any CPU
		{C2258F3A-DF84-4777-ADE3-A2971F30C457}.Debug|Any CPU.Build.0 = Debug|Any CPU
		{C2258F3A-DF84-4777-ADE3-A2971F30C457}.Debug|x64.ActiveCfg = Debug|Any CPU
		{C2258F3A-DF84-4777-ADE3-A2971F30C457}.Debug|x64.Build.0 = Debug|Any CPU
		{C2258F3A-DF84-4777-ADE3-A2971F30C457}.Debug|x86.ActiveCfg = Debug|Any CPU
		{C2258F3A-DF84-4777-ADE3-A2971F30C457}.Debug|x86.Build.0 = Debug|Any CPU
		{C2258F3A-DF84-4777-ADE3-A2971F30C457}.Release|Any CPU.ActiveCfg = Release|Any CPU
		{C2258F3A-DF84-4777-ADE3-A2971F30C457}.Release|Any CPU.Build.0 = Release|Any CPU
		{C2258F3A-DF84-4777-ADE3-A2971F30C457}.Release|x64.ActiveCfg = Release|Any CPU
		{C2258F3A-DF84-4777-ADE3-A2971F30C457}.Release|x64.Build.0 = Release|Any CPU
		{C2258F3A-DF84-4777-ADE3-A2971F30C457}.Release|x86.ActiveCfg = Release|Any CPU
		{C2258F3A-DF84-4777-ADE3-A2971F30C457}.Release|x86.Build.0 = Release|Any CPU
		{4DD6C9E5-A80E-4520-A59B-9053B689EE8E}.Debug|Any CPU.ActiveCfg = Debug|Any CPU
		{4DD6C9E5-A80E-4520-A59B-9053B689EE8E}.Debug|Any CPU.Build.0 = Debug|Any CPU
		{4DD6C9E5-A80E-4520-A59B-9053B689EE8E}.Debug|x64.ActiveCfg = Debug|Any CPU
		{4DD6C9E5-A80E-4520-A59B-9053B689EE8E}.Debug|x64.Build.0 = Debug|Any CPU
		{4DD6C9E5-A80E-4520-A59B-9053B689EE8E}.Debug|x86.ActiveCfg = Debug|Any CPU
		{4DD6C9E5-A80E-4520-A59B-9053B689EE8E}.Debug|x86.Build.0 = Debug|Any CPU
		{4DD6C9E5-A80E-4520-A59B-9053B689EE8E}.Release|Any CPU.ActiveCfg = Release|Any CPU
		{4DD6C9E5-A80E-4520-A59B-9053B689EE8E}.Release|Any CPU.Build.0 = Release|Any CPU
		{4DD6C9E5-A80E-4520-A59B-9053B689EE8E}.Release|x64.ActiveCfg = Release|Any CPU
		{4DD6C9E5-A80E-4520-A59B-9053B689EE8E}.Release|x64.Build.0 = Release|Any CPU
		{4DD6C9E5-A80E-4520-A59B-9053B689EE8E}.Release|x86.ActiveCfg = Release|Any CPU
		{4DD6C9E5-A80E-4520-A59B-9053B689EE8E}.Release|x86.Build.0 = Release|Any CPU
		{0E707516-28D9-4A28-BB06-A49B7E19EF57}.Debug|Any CPU.ActiveCfg = Debug|Any CPU
		{0E707516-28D9-4A28-BB06-A49B7E19EF57}.Debug|Any CPU.Build.0 = Debug|Any CPU
		{0E707516-28D9-4A28-BB06-A49B7E19EF57}.Debug|x64.ActiveCfg = Debug|Any CPU
		{0E707516-28D9-4A28-BB06-A49B7E19EF57}.Debug|x64.Build.0 = Debug|Any CPU
		{0E707516-28D9-4A28-BB06-A49B7E19EF57}.Debug|x86.ActiveCfg = Debug|Any CPU
		{0E707516-28D9-4A28-BB06-A49B7E19EF57}.Debug|x86.Build.0 = Debug|Any CPU
		{0E707516-28D9-4A28-BB06-A49B7E19EF57}.Release|Any CPU.ActiveCfg = Release|Any CPU
		{0E707516-28D9-4A28-BB06-A49B7E19EF57}.Release|Any CPU.Build.0 = Release|Any CPU
		{0E707516-28D9-4A28-BB06-A49B7E19EF57}.Release|x64.ActiveCfg = Release|Any CPU
		{0E707516-28D9-4A28-BB06-A49B7E19EF57}.Release|x64.Build.0 = Release|Any CPU
		{0E707516-28D9-4A28-BB06-A49B7E19EF57}.Release|x86.ActiveCfg = Release|Any CPU
		{0E707516-28D9-4A28-BB06-A49B7E19EF57}.Release|x86.Build.0 = Release|Any CPU
		{84B23A4D-8B6C-4BE3-A774-0BCF53F16C45}.Debug|Any CPU.ActiveCfg = Debug|Any CPU
		{84B23A4D-8B6C-4BE3-A774-0BCF53F16C45}.Debug|Any CPU.Build.0 = Debug|Any CPU
		{84B23A4D-8B6C-4BE3-A774-0BCF53F16C45}.Debug|x64.ActiveCfg = Debug|Any CPU
		{84B23A4D-8B6C-4BE3-A774-0BCF53F16C45}.Debug|x64.Build.0 = Debug|Any CPU
		{84B23A4D-8B6C-4BE3-A774-0BCF53F16C45}.Debug|x86.ActiveCfg = Debug|Any CPU
		{84B23A4D-8B6C-4BE3-A774-0BCF53F16C45}.Debug|x86.Build.0 = Debug|Any CPU
		{84B23A4D-8B6C-4BE3-A774-0BCF53F16C45}.Release|Any CPU.ActiveCfg = Release|Any CPU
		{84B23A4D-8B6C-4BE3-A774-0BCF53F16C45}.Release|Any CPU.Build.0 = Release|Any CPU
		{84B23A4D-8B6C-4BE3-A774-0BCF53F16C45}.Release|x64.ActiveCfg = Release|Any CPU
		{84B23A4D-8B6C-4BE3-A774-0BCF53F16C45}.Release|x64.Build.0 = Release|Any CPU
		{84B23A4D-8B6C-4BE3-A774-0BCF53F16C45}.Release|x86.ActiveCfg = Release|Any CPU
		{84B23A4D-8B6C-4BE3-A774-0BCF53F16C45}.Release|x86.Build.0 = Release|Any CPU
		{15FB5E6B-D633-413D-B44C-326E05BA3297}.Debug|Any CPU.ActiveCfg = Debug|Any CPU
		{15FB5E6B-D633-413D-B44C-326E05BA3297}.Debug|Any CPU.Build.0 = Debug|Any CPU
		{15FB5E6B-D633-413D-B44C-326E05BA3297}.Debug|x64.ActiveCfg = Debug|Any CPU
		{15FB5E6B-D633-413D-B44C-326E05BA3297}.Debug|x64.Build.0 = Debug|Any CPU
		{15FB5E6B-D633-413D-B44C-326E05BA3297}.Debug|x86.ActiveCfg = Debug|Any CPU
		{15FB5E6B-D633-413D-B44C-326E05BA3297}.Debug|x86.Build.0 = Debug|Any CPU
		{15FB5E6B-D633-413D-B44C-326E05BA3297}.Release|Any CPU.ActiveCfg = Release|Any CPU
		{15FB5E6B-D633-413D-B44C-326E05BA3297}.Release|Any CPU.Build.0 = Release|Any CPU
		{15FB5E6B-D633-413D-B44C-326E05BA3297}.Release|x64.ActiveCfg = Release|Any CPU
		{15FB5E6B-D633-413D-B44C-326E05BA3297}.Release|x64.Build.0 = Release|Any CPU
		{15FB5E6B-D633-413D-B44C-326E05BA3297}.Release|x86.ActiveCfg = Release|Any CPU
		{15FB5E6B-D633-413D-B44C-326E05BA3297}.Release|x86.Build.0 = Release|Any CPU
		{ADCE8AFA-39FE-408F-AA6F-54F195DA9001}.Debug|Any CPU.ActiveCfg = Debug|Any CPU
		{ADCE8AFA-39FE-408F-AA6F-54F195DA9001}.Debug|Any CPU.Build.0 = Debug|Any CPU
		{ADCE8AFA-39FE-408F-AA6F-54F195DA9001}.Debug|x64.ActiveCfg = Debug|Any CPU
		{ADCE8AFA-39FE-408F-AA6F-54F195DA9001}.Debug|x64.Build.0 = Debug|Any CPU
		{ADCE8AFA-39FE-408F-AA6F-54F195DA9001}.Debug|x86.ActiveCfg = Debug|Any CPU
		{ADCE8AFA-39FE-408F-AA6F-54F195DA9001}.Debug|x86.Build.0 = Debug|Any CPU
		{ADCE8AFA-39FE-408F-AA6F-54F195DA9001}.Release|Any CPU.ActiveCfg = Release|Any CPU
		{ADCE8AFA-39FE-408F-AA6F-54F195DA9001}.Release|Any CPU.Build.0 = Release|Any CPU
		{ADCE8AFA-39FE-408F-AA6F-54F195DA9001}.Release|x64.ActiveCfg = Release|Any CPU
		{ADCE8AFA-39FE-408F-AA6F-54F195DA9001}.Release|x64.Build.0 = Release|Any CPU
		{ADCE8AFA-39FE-408F-AA6F-54F195DA9001}.Release|x86.ActiveCfg = Release|Any CPU
		{ADCE8AFA-39FE-408F-AA6F-54F195DA9001}.Release|x86.Build.0 = Release|Any CPU
		{5A37AA35-C4FB-4884-9E5A-3D24A54D139F}.Debug|Any CPU.ActiveCfg = Debug|Any CPU
		{5A37AA35-C4FB-4884-9E5A-3D24A54D139F}.Debug|Any CPU.Build.0 = Debug|Any CPU
		{5A37AA35-C4FB-4884-9E5A-3D24A54D139F}.Debug|x64.ActiveCfg = Debug|Any CPU
		{5A37AA35-C4FB-4884-9E5A-3D24A54D139F}.Debug|x64.Build.0 = Debug|Any CPU
		{5A37AA35-C4FB-4884-9E5A-3D24A54D139F}.Debug|x86.ActiveCfg = Debug|Any CPU
		{5A37AA35-C4FB-4884-9E5A-3D24A54D139F}.Debug|x86.Build.0 = Debug|Any CPU
		{5A37AA35-C4FB-4884-9E5A-3D24A54D139F}.Release|Any CPU.ActiveCfg = Release|Any CPU
		{5A37AA35-C4FB-4884-9E5A-3D24A54D139F}.Release|Any CPU.Build.0 = Release|Any CPU
		{5A37AA35-C4FB-4884-9E5A-3D24A54D139F}.Release|x64.ActiveCfg = Release|Any CPU
		{5A37AA35-C4FB-4884-9E5A-3D24A54D139F}.Release|x64.Build.0 = Release|Any CPU
		{5A37AA35-C4FB-4884-9E5A-3D24A54D139F}.Release|x86.ActiveCfg = Release|Any CPU
		{5A37AA35-C4FB-4884-9E5A-3D24A54D139F}.Release|x86.Build.0 = Release|Any CPU
	EndGlobalSection
	GlobalSection(SolutionProperties) = preSolution
		HideSolutionNode = FALSE
	EndGlobalSection
	GlobalSection(NestedProjects) = preSolution
		{2AC20A46-3928-2638-2A2E-83B7FF2AF7AE} = {827E0CD3-B72D-47B6-A68D-7590B98EB39B}
		{EFC3CA61-EC5E-472C-9459-B480E8D14F82} = {2AC20A46-3928-2638-2A2E-83B7FF2AF7AE}
		{1A93812F-57B2-4559-A6EA-7C28BC905F12} = {2AC20A46-3928-2638-2A2E-83B7FF2AF7AE}
		{B3D05791-D4B2-46F6-865A-513B0A8C54C1} = {2AC20A46-3928-2638-2A2E-83B7FF2AF7AE}
		{C2258F3A-DF84-4777-ADE3-A2971F30C457} = {2AC20A46-3928-2638-2A2E-83B7FF2AF7AE}
		{4DD6C9E5-A80E-4520-A59B-9053B689EE8E} = {0C88DD14-F956-CE84-757C-A364CCF449FC}
		{E5314506-76AA-4EED-86C9-F7C680CBF64A} = {827E0CD3-B72D-47B6-A68D-7590B98EB39B}
		{0E707516-28D9-4A28-BB06-A49B7E19EF57} = {E5314506-76AA-4EED-86C9-F7C680CBF64A}
		{84B23A4D-8B6C-4BE3-A774-0BCF53F16C45} = {E5314506-76AA-4EED-86C9-F7C680CBF64A}
		{15FB5E6B-D633-413D-B44C-326E05BA3297} = {E5314506-76AA-4EED-86C9-F7C680CBF64A}
		{ADCE8AFA-39FE-408F-AA6F-54F195DA9001} = {E5314506-76AA-4EED-86C9-F7C680CBF64A}
		{5A37AA35-C4FB-4884-9E5A-3D24A54D139F} = {0C88DD14-F956-CE84-757C-A364CCF449FC}
	EndGlobalSection
	GlobalSection(ExtensibilityGlobals) = postSolution
		SolutionGuid = {652A91B6-6F0C-4BAF-B845-192EF316A268}
	EndGlobalSection
EndGlobal
